
Microsoft Visual Studio Solution File, Format Version 12.00
# Visual Studio Version 17
VisualStudioVersion = 17.0.31919.166
MinimumVisualStudioVersion = 10.0.40219.1
Project("{9A19103F-16F7-4668-BE54-9A1E7A4F7556}") = "SortingApp", "SortingApp.csproj", "{31EA8972-DCAD-43CB-8E59-3145FBF43A84}"
EndProject
Project("{9A19103F-16F7-4668-BE54-9A1E7A4F7556}") = "TestSortingApp", "..\..\TestSortingApp\TestSortingApp.csproj", "{9E0DE72F-1CD4-468A-90ED-6CAB3F62146E}"
EndProject
Global
	GlobalSection(SolutionConfigurationPlatforms) = preSolution
		Debug|Any CPU = Debug|Any CPU
		Release|Any CPU = Release|Any CPU
	EndGlobalSection
	GlobalSection(ProjectConfigurationPlatforms) = postSolution
		{31EA8972-DCAD-43CB-8E59-3145FBF43A84}.Debug|Any CPU.ActiveCfg = Debug|Any CPU
		{31EA8972-DCAD-43CB-8E59-3145FBF43A84}.Debug|Any CPU.Build.0 = Debug|Any CPU
		{31EA8972-DCAD-43CB-8E59-3145FBF43A84}.Release|Any CPU.ActiveCfg = Release|Any CPU
		{31EA8972-DCAD-43CB-8E59-3145FBF43A84}.Release|Any CPU.Build.0 = Release|Any CPU
		{9E0DE72F-1CD4-468A-90ED-6CAB3F62146E}.Debug|Any CPU.ActiveCfg = Debug|Any CPU
		{9E0DE72F-1CD4-468A-90ED-6CAB3F62146E}.Debug|Any CPU.Build.0 = Debug|Any CPU
		{9E0DE72F-1CD4-468A-90ED-6CAB3F62146E}.Release|Any CPU.ActiveCfg = Release|Any CPU
		{9E0DE72F-1CD4-468A-90ED-6CAB3F62146E}.Release|Any CPU.Build.0 = Release|Any CPU
	EndGlobalSection
	GlobalSection(SolutionProperties) = preSolution
		HideSolutionNode = FALSE
	EndGlobalSection
	GlobalSection(ExtensibilityGlobals) = postSolution
		SolutionGuid = {16035A34-A5A4-425D-BD68-25C2AEFE111D}
	EndGlobalSection
EndGlobal
